
Microsoft Visual Studio Solution File, Format Version 12.00
# Visual Studio Version 16
VisualStudioVersion = 16.0.29324.140
MinimumVisualStudioVersion = 10.0.40219.1
Project("{FAE04EC0-301F-11D3-BF4B-00C04F79EFBC}") = "Structs", "Structs\Structs.csproj", "{431A8B3F-14E0-4444-A0B4-CA3724F25B7E}"
EndProject
Project("{FAE04EC0-301F-11D3-BF4B-00C04F79EFBC}") = "Geometry", "Geometry\Geometry.csproj", "{90B52FE0-EEE2-482D-8ED6-795F36182141}"
EndProject
Global
	GlobalSection(SolutionConfigurationPlatforms) = preSolution
		Debug|Any CPU = Debug|Any CPU
		Release|Any CPU = Release|Any CPU
	EndGlobalSection
	GlobalSection(ProjectConfigurationPlatforms) = postSolution
		{431A8B3F-14E0-4444-A0B4-CA3724F25B7E}.Debug|Any CPU.ActiveCfg = Debug|Any CPU
		{431A8B3F-14E0-4444-A0B4-CA3724F25B7E}.Debug|Any CPU.Build.0 = Debug|Any CPU
		{431A8B3F-14E0-4444-A0B4-CA3724F25B7E}.Release|Any CPU.ActiveCfg = Release|Any CPU
		{431A8B3F-14E0-4444-A0B4-CA3724F25B7E}.Release|Any CPU.Build.0 = Release|Any CPU
		{90B52FE0-EEE2-482D-8ED6-795F36182141}.Debug|Any CPU.ActiveCfg = Debug|Any CPU
		{90B52FE0-EEE2-482D-8ED6-795F36182141}.Debug|Any CPU.Build.0 = Debug|Any CPU
		{90B52FE0-EEE2-482D-8ED6-795F36182141}.Release|Any CPU.ActiveCfg = Release|Any CPU
		{90B52FE0-EEE2-482D-8ED6-795F36182141}.Release|Any CPU.Build.0 = Release|Any CPU
	EndGlobalSection
	GlobalSection(SolutionProperties) = preSolution
		HideSolutionNode = FALSE
	EndGlobalSection
	GlobalSection(ExtensibilityGlobals) = postSolution
		SolutionGuid = {68C6D7E5-3F70-4CC9-A73E-97A63865589E}
	EndGlobalSection
EndGlobal
