
Microsoft Visual Studio Solution File, Format Version 12.00
# Visual Studio Version 16
VisualStudioVersion = 16.0.29306.81
MinimumVisualStudioVersion = 10.0.40219.1
Project("{FAE04EC0-301F-11D3-BF4B-00C04F79EFBC}") = "LinqFeatures", "LinqFeatures\LinqFeatures.csproj", "{ED6AD3FF-FF05-443E-AD66-AF1BAC2008F0}"
EndProject
Global
	GlobalSection(SolutionConfigurationPlatforms) = preSolution
		Debug|Any CPU = Debug|Any CPU
		Release|Any CPU = Release|Any CPU
	EndGlobalSection
	GlobalSection(ProjectConfigurationPlatforms) = postSolution
		{ED6AD3FF-FF05-443E-AD66-AF1BAC2008F0}.Debug|Any CPU.ActiveCfg = Debug|Any CPU
		{ED6AD3FF-FF05-443E-AD66-AF1BAC2008F0}.Debug|Any CPU.Build.0 = Debug|Any CPU
		{ED6AD3FF-FF05-443E-AD66-AF1BAC2008F0}.Release|Any CPU.ActiveCfg = Release|Any CPU
		{ED6AD3FF-FF05-443E-AD66-AF1BAC2008F0}.Release|Any CPU.Build.0 = Release|Any CPU
	EndGlobalSection
	GlobalSection(SolutionProperties) = preSolution
		HideSolutionNode = FALSE
	EndGlobalSection
	GlobalSection(ExtensibilityGlobals) = postSolution
		SolutionGuid = {6CE33944-49A9-4AD1-AB76-7969E9114462}
	EndGlobalSection
EndGlobal
