
Microsoft Visual Studio Solution File, Format Version 12.00
# Visual Studio Version 16
VisualStudioVersion = 16.0.29324.140
MinimumVisualStudioVersion = 10.0.40219.1
Project("{FAE04EC0-301F-11D3-BF4B-00C04F79EFBC}") = "VariousExamples", "VariousExamples\VariousExamples.csproj", "{A413BD6D-B8AB-4A25-BB7B-C6F5D055ABAF}"
EndProject
Global
	GlobalSection(SolutionConfigurationPlatforms) = preSolution
		Debug|Any CPU = Debug|Any CPU
		Release|Any CPU = Release|Any CPU
	EndGlobalSection
	GlobalSection(ProjectConfigurationPlatforms) = postSolution
		{A413BD6D-B8AB-4A25-BB7B-C6F5D055ABAF}.Debug|Any CPU.ActiveCfg = Debug|Any CPU
		{A413BD6D-B8AB-4A25-BB7B-C6F5D055ABAF}.Debug|Any CPU.Build.0 = Debug|Any CPU
		{A413BD6D-B8AB-4A25-BB7B-C6F5D055ABAF}.Release|Any CPU.ActiveCfg = Release|Any CPU
		{A413BD6D-B8AB-4A25-BB7B-C6F5D055ABAF}.Release|Any CPU.Build.0 = Release|Any CPU
	EndGlobalSection
	GlobalSection(SolutionProperties) = preSolution
		HideSolutionNode = FALSE
	EndGlobalSection
	GlobalSection(ExtensibilityGlobals) = postSolution
		SolutionGuid = {96BC87EB-AD8C-4B63-AC6F-5A4F985EB366}
	EndGlobalSection
EndGlobal
